
Microsoft Visual Studio Solution File, Format Version 12.00
# Visual Studio Version 16
VisualStudioVersion = 16.0.31112.23
MinimumVisualStudioVersion = 10.0.40219.1
Project("{FAE04EC0-301F-11D3-BF4B-00C04F79EFBC}") = "CalculatorServer", "CalculatorServer.csproj", "{17B48560-9C17-4ACB-AC17-D7608DD7C09D}"
EndProject
Global
	GlobalSection(SolutionConfigurationPlatforms) = preSolution
		Debug|Any CPU = Debug|Any CPU
		Release|Any CPU = Release|Any CPU
	EndGlobalSection
	GlobalSection(ProjectConfigurationPlatforms) = postSolution
		{17B48560-9C17-4ACB-AC17-D7608DD7C09D}.Debug|Any CPU.ActiveCfg = Debug|Any CPU
		{17B48560-9C17-4ACB-AC17-D7608DD7C09D}.Debug|Any CPU.Build.0 = Debug|Any CPU
		{17B48560-9C17-4ACB-AC17-D7608DD7C09D}.Release|Any CPU.ActiveCfg = Release|Any CPU
		{17B48560-9C17-4ACB-AC17-D7608DD7C09D}.Release|Any CPU.Build.0 = Release|Any CPU
	EndGlobalSection
	GlobalSection(SolutionProperties) = preSolution
		HideSolutionNode = FALSE
	EndGlobalSection
	GlobalSection(ExtensibilityGlobals) = postSolution
		SolutionGuid = {CC545076-D763-4553-BC5E-EBA87A89F61A}
	EndGlobalSection
EndGlobal
